// !$*UTF8*$!
{
	archiveVersion = 1;
	classes = {
	};
	objectVersion = 46;
	objects = {

/* Begin PBXBuildFile section */
		C247D0BE1E717D2600E22BEE /* main.m in Sources */ = {isa = PBXBuildFile; fileRef = C247D0BD1E717D2600E22BEE /* main.m */; };
		C247D0C11E717D2600E22BEE /* AppDelegate.m in Sources */ = {isa = PBXBuildFile; fileRef = C247D0C01E717D2600E22BEE /* AppDelegate.m */; };
		C247D0C71E717D2600E22BEE /* Main.storyboard in Resources */ = {isa = PBXBuildFile; fileRef = C247D0C51E717D2600E22BEE /* Main.storyboard */; };
		C247D0C91E717D2600E22BEE /* Assets.xcassets in Resources */ = {isa = PBXBuildFile; fileRef = C247D0C81E717D2600E22BEE /* Assets.xcassets */; };
		C247D0CC1E717D2600E22BEE /* LaunchScreen.storyboard in Resources */ = {isa = PBXBuildFile; fileRef = C247D0CA1E717D2600E22BEE /* LaunchScreen.storyboard */; };
		C247D0D71E717D2600E22BEE /* sunduskCameraTests.m in Sources */ = {isa = PBXBuildFile; fileRef = C247D0D61E717D2600E22BEE /* sunduskCameraTests.m */; };
		C247D0E21E717D2600E22BEE /* sunduskCameraUITests.m in Sources */ = {isa = PBXBuildFile; fileRef = C247D0E11E717D2600E22BEE /* sunduskCameraUITests.m */; };
		C247D0F11E717D4400E22BEE /* CCQCameraViewController.m in Sources */ = {isa = PBXBuildFile; fileRef = C247D0F01E717D4400E22BEE /* CCQCameraViewController.m */; };
/* End PBXBuildFile section */

/* Begin PBXContainerItemProxy section */
		C247D0D31E717D2600E22BEE /* PBXContainerItemProxy */ = {
			isa = PBXContainerItemProxy;
			containerPortal = C247D0B11E717D2600E22BEE /* Project object */;
			proxyType = 1;
			remoteGlobalIDString = C247D0B81E717D2600E22BEE;
			remoteInfo = sunduskCamera;
		};
		C247D0DE1E717D2600E22BEE /* PBXContainerItemProxy */ = {
			isa = PBXContainerItemProxy;
			containerPortal = C247D0B11E717D2600E22BEE /* Project object */;
			proxyType = 1;
			remoteGlobalIDString = C247D0B81E717D2600E22BEE;
			remoteInfo = sunduskCamera;
		};
/* End PBXContainerItemProxy section */

/* Begin PBXFileReference section */
		C247D0B91E717D2600E22BEE /* sunduskCamera.app */ = {isa = PBXFileReference; explicitFileType = wrapper.application; includeInIndex = 0; path = sunduskCamera.app; sourceTree = BUILT_PRODUCTS_DIR; };
		C247D0BD1E717D2600E22BEE /* main.m */ = {isa = PBXFileReference; lastKnownFileType = sourcecode.c.objc; path = main.m; sourceTree = "<group>"; };
		C247D0BF1E717D2600E22BEE /* AppDelegate.h */ = {isa = PBXFileReference; lastKnownFileType = sourcecode.c.h; path = AppDelegate.h; sourceTree = "<group>"; };
		C247D0C01E717D2600E22BEE /* AppDelegate.m */ = {isa = PBXFileReference; lastKnownFileType = sourcecode.c.objc; path = AppDelegate.m; sourceTree = "<group>"; };
		C247D0C61E717D2600E22BEE /* Base */ = {isa = PBXFileReference; lastKnownFileType = file.storyboard; name = Base; path = Base.lproj/Main.storyboard; sourceTree = "<group>"; };
		C247D0C81E717D2600E22BEE /* Assets.xcassets */ = {isa = PBXFileReference; lastKnownFileType = folder.assetcatalog; path = Assets.xcassets; sourceTree = "<group>"; };
		C247D0CB1E717D2600E22BEE /* Base */ = {isa = PBXFileReference; lastKnownFileType = file.storyboard; name = Base; path = Base.lproj/LaunchScreen.storyboard; sourceTree = "<group>"; };
		C247D0CD1E717D2600E22BEE /* Info.plist */ = {isa = PBXFileReference; lastKnownFileType = text.plist.xml; path = Info.plist; sourceTree = "<group>"; };
		C247D0D21E717D2600E22BEE /* sunduskCameraTests.xctest */ = {isa = PBXFileReference; explicitFileType = wrapper.cfbundle; includeInIndex = 0; path = sunduskCameraTests.xctest; sourceTree = BUILT_PRODUCTS_DIR; };
		C247D0D61E717D2600E22BEE /* sunduskCameraTests.m */ = {isa = PBXFileReference; lastKnownFileType = sourcecode.c.objc; path = sunduskCameraTests.m; sourceTree = "<group>"; };
		C247D0D81E717D2600E22BEE /* Info.plist */ = {isa = PBXFileReference; lastKnownFileType = text.plist.xml; path = Info.plist; sourceTree = "<group>"; };
		C247D0DD1E717D2600E22BEE /* sunduskCameraUITests.xctest */ = {isa = PBXFileReference; explicitFileType = wrapper.cfbundle; includeInIndex = 0; path = sunduskCameraUITests.xctest; sourceTree = BUILT_PRODUCTS_DIR; };
		C247D0E11E717D2600E22BEE /* sunduskCameraUITests.m */ = {isa = PBXFileReference; lastKnownFileType = sourcecode.c.objc; path = sunduskCameraUITests.m; sourceTree = "<group>"; };
		C247D0E31E717D2600E22BEE /* Info.plist */ = {isa = PBXFileReference; lastKnownFileType = text.plist.xml; path = Info.plist; sourceTree = "<group>"; };
		C247D0EF1E717D4400E22BEE /* CCQCameraViewController.h */ = {isa = PBXFileReference; fileEncoding = 4; lastKnownFileType = sourcecode.c.h; path = CCQCameraViewController.h; sourceTree = "<group>"; };
		C247D0F01E717D4400E22BEE /* CCQCameraViewController.m */ = {isa = PBXFileReference; fileEncoding = 4; lastKnownFileType = sourcecode.c.objc; path = CCQCameraViewController.m; sourceTree = "<group>"; };
/* End PBXFileReference section */

/* Begin PBXFrameworksBuildPhase section */
		C247D0B61E717D2600E22BEE /* Frameworks */ = {
			isa = PBXFrameworksBuildPhase;
			buildActionMask = 2147483647;
			files = (
			);
			runOnlyForDeploymentPostprocessing = 0;
		};
		C247D0CF1E717D2600E22BEE /* Frameworks */ = {
			isa = PBXFrameworksBuildPhase;
			buildActionMask = 2147483647;
			files = (
			);
			runOnlyForDeploymentPostprocessing = 0;
		};
		C247D0DA1E717D2600E22BEE /* Frameworks */ = {
			isa = PBXFrameworksBuildPhase;
			buildActionMask = 2147483647;
			files = (
			);
			runOnlyForDeploymentPostprocessing = 0;
		};
/* End PBXFrameworksBuildPhase section */

/* Begin PBXGroup section */
		C247D0B01E717D2600E22BEE = {
			isa = PBXGroup;
			children = (
				C247D0BB1E717D2600E22BEE /* sunduskCamera */,
				C247D0D51E717D2600E22BEE /* sunduskCameraTests */,
				C247D0E01E717D2600E22BEE /* sunduskCameraUITests */,
				C247D0BA1E717D2600E22BEE /* Products */,
			);
			sourceTree = "<group>";
		};
		C247D0BA1E717D2600E22BEE /* Products */ = {
			isa = PBXGroup;
			children = (
				C247D0B91E717D2600E22BEE /* sunduskCamera.app */,
				C247D0D21E717D2600E22BEE /* sunduskCameraTests.xctest */,
				C247D0DD1E717D2600E22BEE /* sunduskCameraUITests.xctest */,
			);
			name = Products;
			sourceTree = "<group>";
		};
		C247D0BB1E717D2600E22BEE /* sunduskCamera */ = {
			isa = PBXGroup;
			children = (
				C247D0BF1E717D2600E22BEE /* AppDelegate.h */,
				C247D0EF1E717D4400E22BEE /* CCQCameraViewController.h */,
				C247D0F01E717D4400E22BEE /* CCQCameraViewController.m */,
				C247D0C01E717D2600E22BEE /* AppDelegate.m */,
				C247D0C51E717D2600E22BEE /* Main.storyboard */,
				C247D0C81E717D2600E22BEE /* Assets.xcassets */,
				C247D0CA1E717D2600E22BEE /* LaunchScreen.storyboard */,
				C247D0CD1E717D2600E22BEE /* Info.plist */,
				C247D0BC1E717D2600E22BEE /* Supporting Files */,
			);
			path = sunduskCamera;
			sourceTree = "<group>";
		};
		C247D0BC1E717D2600E22BEE /* Supporting Files */ = {
			isa = PBXGroup;
			children = (
				C247D0BD1E717D2600E22BEE /* main.m */,
			);
			name = "Supporting Files";
			sourceTree = "<group>";
		};
		C247D0D51E717D2600E22BEE /* sunduskCameraTests */ = {
			isa = PBXGroup;
			children = (
				C247D0D61E717D2600E22BEE /* sunduskCameraTests.m */,
				C247D0D81E717D2600E22BEE /* Info.plist */,
			);
			path = sunduskCameraTests;
			sourceTree = "<group>";
		};
		C247D0E01E717D2600E22BEE /* sunduskCameraUITests */ = {
			isa = PBXGroup;
			children = (
				C247D0E11E717D2600E22BEE /* sunduskCameraUITests.m */,
				C247D0E31E717D2600E22BEE /* Info.plist */,
			);
			path = sunduskCameraUITests;
			sourceTree = "<group>";
		};
/* End PBXGroup section */

/* Begin PBXNativeTarget section */
		C247D0B81E717D2600E22BEE /* sunduskCamera */ = {
			isa = PBXNativeTarget;
			buildConfigurationList = C247D0E61E717D2600E22BEE /* Build configuration list for PBXNativeTarget "sunduskCamera" */;
			buildPhases = (
				C247D0B51E717D2600E22BEE /* Sources */,
				C247D0B61E717D2600E22BEE /* Frameworks */,
				C247D0B71E717D2600E22BEE /* Resources */,
			);
			buildRules = (
			);
			dependencies = (
			);
			name = sunduskCamera;
			productName = sunduskCamera;
			productReference = C247D0B91E717D2600E22BEE /* sunduskCamera.app */;
			productType = "com.apple.product-type.application";
		};
		C247D0D11E717D2600E22BEE /* sunduskCameraTests */ = {
			isa = PBXNativeTarget;
			buildConfigurationList = C247D0E91E717D2600E22BEE /* Build configuration list for PBXNativeTarget "sunduskCameraTests" */;
			buildPhases = (
				C247D0CE1E717D2600E22BEE /* Sources */,
				C247D0CF1E717D2600E22BEE /* Frameworks */,
				C247D0D01E717D2600E22BEE /* Resources */,
			);
			buildRules = (
			);
			dependencies = (
				C247D0D41E717D2600E22BEE /* PBXTargetDependency */,
			);
			name = sunduskCameraTests;
			productName = sunduskCameraTests;
			productReference = C247D0D21E717D2600E22BEE /* sunduskCameraTests.xctest */;
			productType = "com.apple.product-type.bundle.unit-test";
		};
		C247D0DC1E717D2600E22BEE /* sunduskCameraUITests */ = {
			isa = PBXNativeTarget;
			buildConfigurationList = C247D0EC1E717D2600E22BEE /* Build configuration list for PBXNativeTarget "sunduskCameraUITests" */;
			buildPhases = (
				C247D0D91E717D2600E22BEE /* Sources */,
				C247D0DA1E717D2600E22BEE /* Frameworks */,
				C247D0DB1E717D2600E22BEE /* Resources */,
			);
			buildRules = (
			);
			dependencies = (
				C247D0DF1E717D2600E22BEE /* PBXTargetDependency */,
			);
			name = sunduskCameraUITests;
			productName = sunduskCameraUITests;
			productReference = C247D0DD1E717D2600E22BEE /* sunduskCameraUITests.xctest */;
			productType = "com.apple.product-type.bundle.ui-testing";
		};
/* End PBXNativeTarget section */

/* Begin PBXProject section */
		C247D0B11E717D2600E22BEE /* Project object */ = {
			isa = PBXProject;
			attributes = {
				LastUpgradeCheck = 0820;
				ORGANIZATIONNAME = sundusk;
				TargetAttributes = {
					C247D0B81E717D2600E22BEE = {
						CreatedOnToolsVersion = 8.2.1;
						DevelopmentTeam = HCPQ4JRW53;
						ProvisioningStyle = Automatic;
					};
					C247D0D11E717D2600E22BEE = {
						CreatedOnToolsVersion = 8.2.1;
						DevelopmentTeam = HCPQ4JRW53;
						ProvisioningStyle = Automatic;
						TestTargetID = C247D0B81E717D2600E22BEE;
					};
					C247D0DC1E717D2600E22BEE = {
						CreatedOnToolsVersion = 8.2.1;
						DevelopmentTeam = HCPQ4JRW53;
						ProvisioningStyle = Automatic;
						TestTargetID = C247D0B81E717D2600E22BEE;
					};
				};
			};
			buildConfigurationList = C247D0B41E717D2600E22BEE /* Build configuration list for PBXProject "sunduskCamera" */;
			compatibilityVersion = "Xcode 3.2";
			developmentRegion = English;
			hasScannedForEncodings = 0;
			knownRegions = (
				en,
				Base,
			);
			mainGroup = C247D0B01E717D2600E22BEE;
			productRefGroup = C247D0BA1E717D2600E22BEE /* Products */;
			projectDirPath = "";
			projectRoot = "";
			targets = (
				C247D0B81E717D2600E22BEE /* sunduskCamera */,
				C247D0D11E717D2600E22BEE /* sunduskCameraTests */,
				C247D0DC1E717D2600E22BEE /* sunduskCameraUITests */,
			);
		};
/* End PBXProject section */

/* Begin PBXResourcesBuildPhase section */
		C247D0B71E717D2600E22BEE /* Resources */ = {
			isa = PBXResourcesBuildPhase;
			buildActionMask = 2147483647;
			files = (
				C247D0CC1E717D2600E22BEE /* LaunchScreen.storyboard in Resources */,
				C247D0C91E717D2600E22BEE /* Assets.xcassets in Resources */,
				C247D0C71E717D2600E22BEE /* Main.storyboard in Resources */,
			);
			runOnlyForDeploymentPostprocessing = 0;
		};
		C247D0D01E717D2600E22BEE /* Resources */ = {
			isa = PBXResourcesBuildPhase;
			buildActionMask = 2147483647;
			files = (
			);
			runOnlyForDeploymentPostprocessing = 0;
		};
		C247D0DB1E717D2600E22BEE /* Resources */ = {
			isa = PBXResourcesBuildPhase;
			buildActionMask = 2147483647;
			files = (
			);
			runOnlyForDeploymentPostprocessing = 0;
		};
/* End PBXResourcesBuildPhase section */

/* Begin PBXSourcesBuildPhase section */
		C247D0B51E717D2600E22BEE /* Sources */ = {
			isa = PBXSourcesBuildPhase;
			buildActionMask = 2147483647;
			files = (
				C247D0C11E717D2600E22BEE /* AppDelegate.m in Sources */,
				C247D0F11E717D4400E22BEE /* CCQCameraViewController.m in Sources */,
				C247D0BE1E717D2600E22BEE /* main.m in Sources */,
			);
			runOnlyForDeploymentPostprocessing = 0;
		};
		C247D0CE1E717D2600E22BEE /* Sources */ = {
			isa = PBXSourcesBuildPhase;
			buildActionMask = 2147483647;
			files = (
				C247D0D71E717D2600E22BEE /* sunduskCameraTests.m in Sources */,
			);
			runOnlyForDeploymentPostprocessing = 0;
		};
		C247D0D91E717D2600E22BEE /* Sources */ = {
			isa = PBXSourcesBuildPhase;
			buildActionMask = 2147483647;
			files = (
				C247D0E21E717D2600E22BEE /* sunduskCameraUITests.m in Sources */,
			);
			runOnlyForDeploymentPostprocessing = 0;
		};
/* End PBXSourcesBuildPhase section */

/* Begin PBXTargetDependency section */
		C247D0D41E717D2600E22BEE /* PBXTargetDependency */ = {
			isa = PBXTargetDependency;
			target = C247D0B81E717D2600E22BEE /* sunduskCamera */;
			targetProxy = C247D0D31E717D2600E22BEE /* PBXContainerItemProxy */;
		};
		C247D0DF1E717D2600E22BEE /* PBXTargetDependency */ = {
			isa = PBXTargetDependency;
			target = C247D0B81E717D2600E22BEE /* sunduskCamera */;
			targetProxy = C247D0DE1E717D2600E22BEE /* PBXContainerItemProxy */;
		};
/* End PBXTargetDependency section */

/* Begin PBXVariantGroup section */
		C247D0C51E717D2600E22BEE /* Main.storyboard */ = {
			isa = PBXVariantGroup;
			children = (
				C247D0C61E717D2600E22BEE /* Base */,
			);
			name = Main.storyboard;
			sourceTree = "<group>";
		};
		C247D0CA1E717D2600E22BEE /* LaunchScreen.storyboard */ = {
			isa = PBXVariantGroup;
			children = (
				C247D0CB1E717D2600E22BEE /* Base */,
			);
			name = LaunchScreen.storyboard;
			sourceTree = "<group>";
		};
/* End PBXVariantGroup section */

/* Begin XCBuildConfiguration section */
		C247D0E41E717D2600E22BEE /* Debug */ = {
			isa = XCBuildConfiguration;
			buildSettings = {
				ALWAYS_SEARCH_USER_PATHS = NO;
				CLANG_ANALYZER_NONNULL = YES;
				CLANG_CXX_LANGUAGE_STANDARD = "gnu++0x";
				CLANG_CXX_LIBRARY = "libc++";
				CLANG_ENABLE_MODULES = YES;
				CLANG_ENABLE_OBJC_ARC = YES;
				CLANG_WARN_BOOL_CONVERSION = YES;
				CLANG_WARN_CONSTANT_CONVERSION = YES;
				CLANG_WARN_DIRECT_OBJC_ISA_USAGE = YES_ERROR;
				CLANG_WARN_DOCUMENTATION_COMMENTS = YES;
				CLANG_WARN_EMPTY_BODY = YES;
				CLANG_WARN_ENUM_CONVERSION = YES;
				CLANG_WARN_INFINITE_RECURSION = YES;
				CLANG_WARN_INT_CONVERSION = YES;
				CLANG_WARN_OBJC_ROOT_CLASS = YES_ERROR;
				CLANG_WARN_SUSPICIOUS_MOVE = YES;
				CLANG_WARN_UNREACHABLE_CODE = YES;
				CLANG_WARN__DUPLICATE_METHOD_MATCH = YES;
				"CODE_SIGN_IDENTITY[sdk=iphoneos*]" = "iPhone Developer";
				COPY_PHASE_STRIP = NO;
				DEBUG_INFORMATION_FORMAT = dwarf;
				ENABLE_STRICT_OBJC_MSGSEND = YES;
				ENABLE_TESTABILITY = YES;
				GCC_C_LANGUAGE_STANDARD = gnu99;
				GCC_DYNAMIC_NO_PIC = NO;
				GCC_NO_COMMON_BLOCKS = YES;
				GCC_OPTIMIZATION_LEVEL = 0;
				GCC_PREPROCESSOR_DEFINITIONS = (
					"DEBUG=1",
					"$(inherited)",
				);
				GCC_WARN_64_TO_32_BIT_CONVERSION = YES;
				GCC_WARN_ABOUT_RETURN_TYPE = YES_ERROR;
				GCC_WARN_UNDECLARED_SELECTOR = YES;
				GCC_WARN_UNINITIALIZED_AUTOS = YES_AGGRESSIVE;
				GCC_WARN_UNUSED_FUNCTION = YES;
				GCC_WARN_UNUSED_VARIABLE = YES;
				IPHONEOS_DEPLOYMENT_TARGET = 10.2;
				MTL_ENABLE_DEBUG_INFO = YES;
				ONLY_ACTIVE_ARCH = YES;
				SDKROOT = iphoneos;
			};
			name = Debug;
		};
		C247D0E51E717D2600E22BEE /* Release */ = {
			isa = XCBuildConfiguration;
			buildSettings = {
				ALWAYS_SEARCH_USER_PATHS = NO;
				CLANG_ANALYZER_NONNULL = YES;
				CLANG_CXX_LANGUAGE_STANDARD = "gnu++0x";
				CLANG_CXX_LIBRARY = "libc++";
				CLANG_ENABLE_MODULES = YES;
				CLANG_ENABLE_OBJC_ARC = YES;
				CLANG_WARN_BOOL_CONVERSION = YES;
				CLANG_WARN_CONSTANT_CONVERSION = YES;
				CLANG_WARN_DIRECT_OBJC_ISA_USAGE = YES_ERROR;
				CLANG_WARN_DOCUMENTATION_COMMENTS = YES;
				CLANG_WARN_EMPTY_BODY = YES;
				CLANG_WARN_ENUM_CONVERSION = YES;
				CLANG_WARN_INFINITE_RECURSION = YES;
				CLANG_WARN_INT_CONVERSION = YES;
				CLANG_WARN_OBJC_ROOT_CLASS = YES_ERROR;
				CLANG_WARN_SUSPICIOUS_MOVE = YES;
				CLANG_WARN_UNREACHABLE_CODE = YES;
				CLANG_WARN__DUPLICATE_METHOD_MATCH = YES;
				"CODE_SIGN_IDENTITY[sdk=iphoneos*]" = "iPhone Developer";
				COPY_PHASE_STRIP = NO;
				DEBUG_INFORMATION_FORMAT = "dwarf-with-dsym";
				ENABLE_NS_ASSERTIONS = NO;
				ENABLE_STRICT_OBJC_MSGSEND = YES;
				GCC_C_LANGUAGE_STANDARD = gnu99;
				GCC_NO_COMMON_BLOCKS = YES;
				GCC_WARN_64_TO_32_BIT_CONVERSION = YES;
				GCC_WARN_ABOUT_RETURN_TYPE = YES_ERROR;
				GCC_WARN_UNDECLARED_SELECTOR = YES;
				GCC_WARN_UNINITIALIZED_AUTOS = YES_AGGRESSIVE;
				GCC_WARN_UNUSED_FUNCTION = YES;
				GCC_WARN_UNUSED_VARIABLE = YES;
				IPHONEOS_DEPLOYMENT_TARGET = 10.2;
				MTL_ENABLE_DEBUG_INFO = NO;
				SDKROOT = iphoneos;
				VALIDATE_PRODUCT = YES;
			};
			name = Release;
		};
		C247D0E71E717D2600E22BEE /* Debug */ = {
			isa = XCBuildConfiguration;
			buildSettings = {
				ASSETCATALOG_COMPILER_APPICON_NAME = AppIcon;
				DEVELOPMENT_TEAM = HCPQ4JRW53;
				INFOPLIST_FILE = sunduskCamera/Info.plist;
				LD_RUNPATH_SEARCH_PATHS = "$(inherited) @executable_path/Frameworks";
				PRODUCT_BUNDLE_IDENTIFIER = com.sundusk.Camera.sunduskCamera;
				PRODUCT_NAME = "$(TARGET_NAME)";
			};
			name = Debug;
		};
		C247D0E81E717D2600E22BEE /* Release */ = {
			isa = XCBuildConfiguration;
			buildSettings = {
				ASSETCATALOG_COMPILER_APPICON_NAME = AppIcon;
				DEVELOPMENT_TEAM = HCPQ4JRW53;
				INFOPLIST_FILE = sunduskCamera/Info.plist;
				LD_RUNPATH_SEARCH_PATHS = "$(inherited) @executable_path/Frameworks";
				PRODUCT_BUNDLE_IDENTIFIER = com.sundusk.Camera.sunduskCamera;
				PRODUCT_NAME = "$(TARGET_NAME)";
			};
			name = Release;
		};
		C247D0EA1E717D2600E22BEE /* Debug */ = {
			isa = XCBuildConfiguration;
			buildSettings = {
				BUNDLE_LOADER = "$(TEST_HOST)";
				DEVELOPMENT_TEAM = HCPQ4JRW53;
				INFOPLIST_FILE = sunduskCameraTests/Info.plist;
				LD_RUNPATH_SEARCH_PATHS = "$(inherited) @executable_path/Frameworks @loader_path/Frameworks";
				PRODUCT_BUNDLE_IDENTIFIER = com.sundusk.Camera.sunduskCameraTests;
				PRODUCT_NAME = "$(TARGET_NAME)";
				TEST_HOST = "$(BUILT_PRODUCTS_DIR)/sunduskCamera.app/sunduskCamera";
			};
			name = Debug;
		};
		C247D0EB1E717D2600E22BEE /* Release */ = {
			isa = XCBuildConfiguration;
			buildSettings = {
				BUNDLE_LOADER = "$(TEST_HOST)";
				DEVELOPMENT_TEAM = HCPQ4JRW53;
				INFOPLIST_FILE = sunduskCameraTests/Info.plist;
				LD_RUNPATH_SEARCH_PATHS = "$(inherited) @executable_path/Frameworks @loader_path/Frameworks";
				PRODUCT_BUNDLE_IDENTIFIER = com.sundusk.Camera.sunduskCameraTests;
				PRODUCT_NAME = "$(TARGET_NAME)";
				TEST_HOST = "$(BUILT_PRODUCTS_DIR)/sunduskCamera.app/sunduskCamera";
			};
			name = Release;
		};
		C247D0ED1E717D2600E22BEE /* Debug */ = {
			isa = XCBuildConfiguration;
			buildSettings = {
				DEVELOPMENT_TEAM = HCPQ4JRW53;
				INFOPLIST_FILE = sunduskCameraUITests/Info.plist;
				LD_RUNPATH_SEARCH_PATHS = "$(inherited) @executable_path/Frameworks @loader_path/Frameworks";
				PRODUCT_BUNDLE_IDENTIFIER = com.sundusk.Camera.sunduskCameraUITests;
				PRODUCT_NAME = "$(TARGET_NAME)";
				TEST_TARGET_NAME = sunduskCamera;
			};
			name = Debug;
		};
		C247D0EE1E717D2600E22BEE /* Release */ = {
			isa = XCBuildConfiguration;
			buildSettings = {
				DEVELOPMENT_TEAM = HCPQ4JRW53;
				INFOPLIST_FILE = sunduskCameraUITests/Info.plist;
				LD_RUNPATH_SEARCH_PATHS = "$(inherited) @executable_path/Frameworks @loader_path/Frameworks";
				PRODUCT_BUNDLE_IDENTIFIER = com.sundusk.Camera.sunduskCameraUITests;
				PRODUCT_NAME = "$(TARGET_NAME)";
				TEST_TARGET_NAME = sunduskCamera;
			};
			name = Release;
		};
/* End XCBuildConfiguration section */

/* Begin XCConfigurationList section */
		C247D0B41E717D2600E22BEE /* Build configuration list for PBXProject "sunduskCamera" */ = {
			isa = XCConfigurationList;
			buildConfigurations = (
				C247D0E41E717D2600E22BEE /* Debug */,
				C247D0E51E717D2600E22BEE /* Release */,
			);
			defaultConfigurationIsVisible = 0;
			defaultConfigurationName = Release;
		};
		C247D0E61E717D2600E22BEE /* Build configuration list for PBXNativeTarget "sunduskCamera" */ = {
			isa = XCConfigurationList;
			buildConfigurations = (
				C247D0E71E717D2600E22BEE /* Debug */,
				C247D0E81E717D2600E22BEE /* Release */,
			);
			defaultConfigurationIsVisible = 0;
		};
		C247D0E91E717D2600E22BEE /* Build configuration list for PBXNativeTarget "sunduskCameraTests" */ = {
			isa = XCConfigurationList;
			buildConfigurations = (
				C247D0EA1E717D2600E22BEE /* Debug */,
				C247D0EB1E717D2600E22BEE /* Release */,
			);
			defaultConfigurationIsVisible = 0;
		};
		C247D0EC1E717D2600E22BEE /* Build configuration list for PBXNativeTarget "sunduskCameraUITests" */ = {
			isa = XCConfigurationList;
			buildConfigurations = (
				C247D0ED1E717D2600E22BEE /* Debug */,
				C247D0EE1E717D2600E22BEE /* Release */,
			);
			defaultConfigurationIsVisible = 0;
		};
/* End XCConfigurationList section */
	};
	rootObject = C247D0B11E717D2600E22BEE /* Project object */;
}
